<?xml version="1.0" encoding="utf-8"?>
<Project ToolsVersion="4.0" xmlns="http://schemas.microsoft.com/developer/msbuild/2003">
  <ItemGroup>
    <ClCompile Include="HelloWorld.cpp" />
    <ClCompile Include="stdafx.cpp" />
    <ClCompile Include="HelloWorld3.cpp">
      <Filter>Filter09</Filter>
    </ClCompile>
  </ItemGroup>
  <ItemGroup>
    <ClInclude Include="stdafx.h" />
    <ClInclude Include="targetver.h" />
  </ItemGroup>
  <ItemGroup>
    <Filter Include="Filter09">
      <UniqueIdentifier>{75248e1a-49c3-418b-91d4-c9b865425077}</UniqueIdentifier>
    </Filter>
  </ItemGroup>
</Project>